
Microsoft Visual Studio Solution File, Format Version 12.00
# Visual Studio 2012
Project("{FAE04EC0-301F-11D3-BF4B-00C04F79EFBC}") = "02. Point", "02. Point\02. Point.csproj", "{5C27389F-402A-4F49-80BB-DFE4CD5CDFDB}"
EndProject
Project("{FAE04EC0-301F-11D3-BF4B-00C04F79EFBC}") = "01. Coins", "01. Coins\01. Coins.csproj", "{69B27871-6966-4168-B2BD-E859D8FBB4BF}"
EndProject
Global
	GlobalSection(SolutionConfigurationPlatforms) = preSolution
		Debug|Any CPU = Debug|Any CPU
		Release|Any CPU = Release|Any CPU
	EndGlobalSection
	GlobalSection(ProjectConfigurationPlatforms) = postSolution
		{5C27389F-402A-4F49-80BB-DFE4CD5CDFDB}.Debug|Any CPU.ActiveCfg = Debug|Any CPU
		{5C27389F-402A-4F49-80BB-DFE4CD5CDFDB}.Debug|Any CPU.Build.0 = Debug|Any CPU
		{5C27389F-402A-4F49-80BB-DFE4CD5CDFDB}.Release|Any CPU.ActiveCfg = Release|Any CPU
		{5C27389F-402A-4F49-80BB-DFE4CD5CDFDB}.Release|Any CPU.Build.0 = Release|Any CPU
		{69B27871-6966-4168-B2BD-E859D8FBB4BF}.Debug|Any CPU.ActiveCfg = Debug|Any CPU
		{69B27871-6966-4168-B2BD-E859D8FBB4BF}.Debug|Any CPU.Build.0 = Debug|Any CPU
		{69B27871-6966-4168-B2BD-E859D8FBB4BF}.Release|Any CPU.ActiveCfg = Release|Any CPU
		{69B27871-6966-4168-B2BD-E859D8FBB4BF}.Release|Any CPU.Build.0 = Release|Any CPU
	EndGlobalSection
	GlobalSection(SolutionProperties) = preSolution
		HideSolutionNode = FALSE
	EndGlobalSection
EndGlobal
