
Microsoft Visual Studio Solution File, Format Version 12.00
# Visual Studio 2012
Project("{FAE04EC0-301F-11D3-BF4B-00C04F79EFBC}") = "01. BinaryCode", "01. BinaryCode\01. BinaryCode.csproj", "{61A7FB17-BD6B-4926-9500-1C23D2A7CE92}"
EndProject
Project("{FAE04EC0-301F-11D3-BF4B-00C04F79EFBC}") = "02. Rabbits", "02. Rabbits\02. Rabbits.csproj", "{45805E62-B0BC-40EB-9D0C-44E2914BD26C}"
EndProject
Project("{FAE04EC0-301F-11D3-BF4B-00C04F79EFBC}") = "03. Dividers", "03. Dividers\03. Dividers.csproj", "{4AAB0734-53A1-4FA3-9E4A-441D828AA9C6}"
EndProject
Global
	GlobalSection(SolutionConfigurationPlatforms) = preSolution
		Debug|Any CPU = Debug|Any CPU
		Release|Any CPU = Release|Any CPU
	EndGlobalSection
	GlobalSection(ProjectConfigurationPlatforms) = postSolution
		{61A7FB17-BD6B-4926-9500-1C23D2A7CE92}.Debug|Any CPU.ActiveCfg = Debug|Any CPU
		{61A7FB17-BD6B-4926-9500-1C23D2A7CE92}.Debug|Any CPU.Build.0 = Debug|Any CPU
		{61A7FB17-BD6B-4926-9500-1C23D2A7CE92}.Release|Any CPU.ActiveCfg = Release|Any CPU
		{61A7FB17-BD6B-4926-9500-1C23D2A7CE92}.Release|Any CPU.Build.0 = Release|Any CPU
		{45805E62-B0BC-40EB-9D0C-44E2914BD26C}.Debug|Any CPU.ActiveCfg = Debug|Any CPU
		{45805E62-B0BC-40EB-9D0C-44E2914BD26C}.Debug|Any CPU.Build.0 = Debug|Any CPU
		{45805E62-B0BC-40EB-9D0C-44E2914BD26C}.Release|Any CPU.ActiveCfg = Release|Any CPU
		{45805E62-B0BC-40EB-9D0C-44E2914BD26C}.Release|Any CPU.Build.0 = Release|Any CPU
		{4AAB0734-53A1-4FA3-9E4A-441D828AA9C6}.Debug|Any CPU.ActiveCfg = Debug|Any CPU
		{4AAB0734-53A1-4FA3-9E4A-441D828AA9C6}.Debug|Any CPU.Build.0 = Debug|Any CPU
		{4AAB0734-53A1-4FA3-9E4A-441D828AA9C6}.Release|Any CPU.ActiveCfg = Release|Any CPU
		{4AAB0734-53A1-4FA3-9E4A-441D828AA9C6}.Release|Any CPU.Build.0 = Release|Any CPU
	EndGlobalSection
	GlobalSection(SolutionProperties) = preSolution
		HideSolutionNode = FALSE
	EndGlobalSection
EndGlobal
