
Microsoft Visual Studio Solution File, Format Version 12.00
# Visual Studio 2012
Project("{FAE04EC0-301F-11D3-BF4B-00C04F79EFBC}") = "01. KnapsackProblem", "01. KnapsackProblem\01. KnapsackProblem.csproj", "{F928CF17-BC85-46DC-9F44-706885E64081}"
EndProject
Project("{FAE04EC0-301F-11D3-BF4B-00C04F79EFBC}") = "02. MinimumEditDistance", "02. MinimumEditDistance\02. MinimumEditDistance.csproj", "{CD06722F-6057-4C7D-9F14-C9EC867AFF85}"
EndProject
Global
	GlobalSection(SolutionConfigurationPlatforms) = preSolution
		Debug|Any CPU = Debug|Any CPU
		Release|Any CPU = Release|Any CPU
	EndGlobalSection
	GlobalSection(ProjectConfigurationPlatforms) = postSolution
		{F928CF17-BC85-46DC-9F44-706885E64081}.Debug|Any CPU.ActiveCfg = Debug|Any CPU
		{F928CF17-BC85-46DC-9F44-706885E64081}.Debug|Any CPU.Build.0 = Debug|Any CPU
		{F928CF17-BC85-46DC-9F44-706885E64081}.Release|Any CPU.ActiveCfg = Release|Any CPU
		{F928CF17-BC85-46DC-9F44-706885E64081}.Release|Any CPU.Build.0 = Release|Any CPU
		{CD06722F-6057-4C7D-9F14-C9EC867AFF85}.Debug|Any CPU.ActiveCfg = Debug|Any CPU
		{CD06722F-6057-4C7D-9F14-C9EC867AFF85}.Debug|Any CPU.Build.0 = Debug|Any CPU
		{CD06722F-6057-4C7D-9F14-C9EC867AFF85}.Release|Any CPU.ActiveCfg = Release|Any CPU
		{CD06722F-6057-4C7D-9F14-C9EC867AFF85}.Release|Any CPU.Build.0 = Release|Any CPU
	EndGlobalSection
	GlobalSection(SolutionProperties) = preSolution
		HideSolutionNode = FALSE
	EndGlobalSection
EndGlobal
